
Microsoft Visual Studio Solution File, Format Version 12.00
# Visual Studio Version 17
VisualStudioVersion = 17.4.33122.133
MinimumVisualStudioVersion = 10.0.40219.1
Project("{9A19103F-16F7-4668-BE54-9A1E7A4F7556}") = "Sentences", "SentenceCompletionApp\Sentences.csproj", "{B2AB52DA-8335-406A-BE7F-876FCF089F23}"
EndProject
Global
	GlobalSection(SolutionConfigurationPlatforms) = preSolution
		Debug|Any CPU = Debug|Any CPU
		Release|Any CPU = Release|Any CPU
	EndGlobalSection
	GlobalSection(ProjectConfigurationPlatforms) = postSolution
		{B2AB52DA-8335-406A-BE7F-876FCF089F23}.Debug|Any CPU.ActiveCfg = Debug|Any CPU
		{B2AB52DA-8335-406A-BE7F-876FCF089F23}.Debug|Any CPU.Build.0 = Debug|Any CPU
		{B2AB52DA-8335-406A-BE7F-876FCF089F23}.Release|Any CPU.ActiveCfg = Release|Any CPU
		{B2AB52DA-8335-406A-BE7F-876FCF089F23}.Release|Any CPU.Build.0 = Release|Any CPU
	EndGlobalSection
	GlobalSection(SolutionProperties) = preSolution
		HideSolutionNode = FALSE
	EndGlobalSection
	GlobalSection(ExtensibilityGlobals) = postSolution
		SolutionGuid = {80D5BED4-EA32-4043-B0EA-7000AD4E23CD}
	EndGlobalSection
EndGlobal
